
Microsoft Visual Studio Solution File, Format Version 12.00
# Visual Studio 15
VisualStudioVersion = 15.0.27130.2020
MinimumVisualStudioVersion = 10.0.40219.1
Project("{FAE04EC0-301F-11D3-BF4B-00C04F79EFBC}") = "Shard", "Shard\Shard.csproj", "{EB6D3052-6609-4916-B364-AA263217FDAF}"
EndProject
Project("{FAE04EC0-301F-11D3-BF4B-00C04F79EFBC}") = "VectorMath", "Math\VectorMath.csproj", "{8B82845E-874B-4B7C-9EA6-85C968B73986}"
EndProject
Project("{FAE04EC0-301F-11D3-BF4B-00C04F79EFBC}") = "ShardTests", "ShardTests1\ShardTests.csproj", "{C16B5786-0D4D-4E50-AD1D-1A19C35E6C42}"
EndProject
Project("{FAE04EC0-301F-11D3-BF4B-00C04F79EFBC}") = "ShardBase", "ShardBase\ShardBase.csproj", "{8247AE53-9109-4D16-AAEF-74B27F63DF39}"
EndProject
Project("{FAE04EC0-301F-11D3-BF4B-00C04F79EFBC}") = "Consensus", "Consensus\Consensus.csproj", "{8100A8FC-5447-4381-9963-5E614E329EEF}"
EndProject
Project("{FAE04EC0-301F-11D3-BF4B-00C04F79EFBC}") = "ConsensusTests", "ConsensusTests\ConsensusTests.csproj", "{77C5533B-E95B-49B7-B910-8B709B283241}"
EndProject
Project("{FAE04EC0-301F-11D3-BF4B-00C04F79EFBC}") = "BaseDB", "BaseDB\BaseDB.csproj", "{174A5B17-C113-45BD-85B6-009A1C5C3EF8}"
EndProject
Project("{FAE04EC0-301F-11D3-BF4B-00C04F79EFBC}") = "Base", "Base\Base.csproj", "{A40AEE2E-C572-4BCE-AC29-1329A7C57783}"
EndProject
Project("{FAE04EC0-301F-11D3-BF4B-00C04F79EFBC}") = "ConsensusAccess", "ConsensusMember\ConsensusAccess.csproj", "{D8B6EC1B-3E3E-4F03-B122-5D480F284E1D}"
EndProject
Project("{FAE04EC0-301F-11D3-BF4B-00C04F79EFBC}") = "ShardDB", "ShardDB\ShardDB.csproj", "{092873E4-2808-4A0C-B36F-F7A6DC436509}"
EndProject
Global
	GlobalSection(SolutionConfigurationPlatforms) = preSolution
		Debug|Any CPU = Debug|Any CPU
		Debug|x64 = Debug|x64
		Release|Any CPU = Release|Any CPU
		Release|x64 = Release|x64
	EndGlobalSection
	GlobalSection(ProjectConfigurationPlatforms) = postSolution
		{EB6D3052-6609-4916-B364-AA263217FDAF}.Debug|Any CPU.ActiveCfg = Debug|Any CPU
		{EB6D3052-6609-4916-B364-AA263217FDAF}.Debug|Any CPU.Build.0 = Debug|Any CPU
		{EB6D3052-6609-4916-B364-AA263217FDAF}.Debug|x64.ActiveCfg = Debug|x64
		{EB6D3052-6609-4916-B364-AA263217FDAF}.Debug|x64.Build.0 = Debug|x64
		{EB6D3052-6609-4916-B364-AA263217FDAF}.Release|Any CPU.ActiveCfg = Release|Any CPU
		{EB6D3052-6609-4916-B364-AA263217FDAF}.Release|Any CPU.Build.0 = Release|Any CPU
		{EB6D3052-6609-4916-B364-AA263217FDAF}.Release|x64.ActiveCfg = Release|x64
		{EB6D3052-6609-4916-B364-AA263217FDAF}.Release|x64.Build.0 = Release|x64
		{8B82845E-874B-4B7C-9EA6-85C968B73986}.Debug|Any CPU.ActiveCfg = Debug|Any CPU
		{8B82845E-874B-4B7C-9EA6-85C968B73986}.Debug|Any CPU.Build.0 = Debug|Any CPU
		{8B82845E-874B-4B7C-9EA6-85C968B73986}.Debug|x64.ActiveCfg = Debug|x64
		{8B82845E-874B-4B7C-9EA6-85C968B73986}.Debug|x64.Build.0 = Debug|x64
		{8B82845E-874B-4B7C-9EA6-85C968B73986}.Release|Any CPU.ActiveCfg = Release|Any CPU
		{8B82845E-874B-4B7C-9EA6-85C968B73986}.Release|Any CPU.Build.0 = Release|Any CPU
		{8B82845E-874B-4B7C-9EA6-85C968B73986}.Release|x64.ActiveCfg = Release|x64
		{8B82845E-874B-4B7C-9EA6-85C968B73986}.Release|x64.Build.0 = Release|x64
		{C16B5786-0D4D-4E50-AD1D-1A19C35E6C42}.Debug|Any CPU.ActiveCfg = Debug|Any CPU
		{C16B5786-0D4D-4E50-AD1D-1A19C35E6C42}.Debug|Any CPU.Build.0 = Debug|Any CPU
		{C16B5786-0D4D-4E50-AD1D-1A19C35E6C42}.Debug|x64.ActiveCfg = Debug|x64
		{C16B5786-0D4D-4E50-AD1D-1A19C35E6C42}.Debug|x64.Build.0 = Debug|x64
		{C16B5786-0D4D-4E50-AD1D-1A19C35E6C42}.Release|Any CPU.ActiveCfg = Release|Any CPU
		{C16B5786-0D4D-4E50-AD1D-1A19C35E6C42}.Release|Any CPU.Build.0 = Release|Any CPU
		{C16B5786-0D4D-4E50-AD1D-1A19C35E6C42}.Release|x64.ActiveCfg = Release|x64
		{C16B5786-0D4D-4E50-AD1D-1A19C35E6C42}.Release|x64.Build.0 = Release|x64
		{8247AE53-9109-4D16-AAEF-74B27F63DF39}.Debug|Any CPU.ActiveCfg = Debug|Any CPU
		{8247AE53-9109-4D16-AAEF-74B27F63DF39}.Debug|Any CPU.Build.0 = Debug|Any CPU
		{8247AE53-9109-4D16-AAEF-74B27F63DF39}.Debug|x64.ActiveCfg = Debug|Any CPU
		{8247AE53-9109-4D16-AAEF-74B27F63DF39}.Debug|x64.Build.0 = Debug|Any CPU
		{8247AE53-9109-4D16-AAEF-74B27F63DF39}.Release|Any CPU.ActiveCfg = Release|Any CPU
		{8247AE53-9109-4D16-AAEF-74B27F63DF39}.Release|Any CPU.Build.0 = Release|Any CPU
		{8247AE53-9109-4D16-AAEF-74B27F63DF39}.Release|x64.ActiveCfg = Release|Any CPU
		{8247AE53-9109-4D16-AAEF-74B27F63DF39}.Release|x64.Build.0 = Release|Any CPU
		{8100A8FC-5447-4381-9963-5E614E329EEF}.Debug|Any CPU.ActiveCfg = Debug|Any CPU
		{8100A8FC-5447-4381-9963-5E614E329EEF}.Debug|Any CPU.Build.0 = Debug|Any CPU
		{8100A8FC-5447-4381-9963-5E614E329EEF}.Debug|x64.ActiveCfg = Debug|Any CPU
		{8100A8FC-5447-4381-9963-5E614E329EEF}.Debug|x64.Build.0 = Debug|Any CPU
		{8100A8FC-5447-4381-9963-5E614E329EEF}.Release|Any CPU.ActiveCfg = Release|Any CPU
		{8100A8FC-5447-4381-9963-5E614E329EEF}.Release|Any CPU.Build.0 = Release|Any CPU
		{8100A8FC-5447-4381-9963-5E614E329EEF}.Release|x64.ActiveCfg = Release|Any CPU
		{8100A8FC-5447-4381-9963-5E614E329EEF}.Release|x64.Build.0 = Release|Any CPU
		{77C5533B-E95B-49B7-B910-8B709B283241}.Debug|Any CPU.ActiveCfg = Debug|Any CPU
		{77C5533B-E95B-49B7-B910-8B709B283241}.Debug|Any CPU.Build.0 = Debug|Any CPU
		{77C5533B-E95B-49B7-B910-8B709B283241}.Debug|x64.ActiveCfg = Debug|Any CPU
		{77C5533B-E95B-49B7-B910-8B709B283241}.Debug|x64.Build.0 = Debug|Any CPU
		{77C5533B-E95B-49B7-B910-8B709B283241}.Release|Any CPU.ActiveCfg = Release|Any CPU
		{77C5533B-E95B-49B7-B910-8B709B283241}.Release|Any CPU.Build.0 = Release|Any CPU
		{77C5533B-E95B-49B7-B910-8B709B283241}.Release|x64.ActiveCfg = Release|Any CPU
		{77C5533B-E95B-49B7-B910-8B709B283241}.Release|x64.Build.0 = Release|Any CPU
		{174A5B17-C113-45BD-85B6-009A1C5C3EF8}.Debug|Any CPU.ActiveCfg = Debug|Any CPU
		{174A5B17-C113-45BD-85B6-009A1C5C3EF8}.Debug|Any CPU.Build.0 = Debug|Any CPU
		{174A5B17-C113-45BD-85B6-009A1C5C3EF8}.Debug|x64.ActiveCfg = Debug|Any CPU
		{174A5B17-C113-45BD-85B6-009A1C5C3EF8}.Debug|x64.Build.0 = Debug|Any CPU
		{174A5B17-C113-45BD-85B6-009A1C5C3EF8}.Release|Any CPU.ActiveCfg = Release|Any CPU
		{174A5B17-C113-45BD-85B6-009A1C5C3EF8}.Release|Any CPU.Build.0 = Release|Any CPU
		{174A5B17-C113-45BD-85B6-009A1C5C3EF8}.Release|x64.ActiveCfg = Release|Any CPU
		{174A5B17-C113-45BD-85B6-009A1C5C3EF8}.Release|x64.Build.0 = Release|Any CPU
		{A40AEE2E-C572-4BCE-AC29-1329A7C57783}.Debug|Any CPU.ActiveCfg = Debug|Any CPU
		{A40AEE2E-C572-4BCE-AC29-1329A7C57783}.Debug|Any CPU.Build.0 = Debug|Any CPU
		{A40AEE2E-C572-4BCE-AC29-1329A7C57783}.Debug|x64.ActiveCfg = Debug|Any CPU
		{A40AEE2E-C572-4BCE-AC29-1329A7C57783}.Debug|x64.Build.0 = Debug|Any CPU
		{A40AEE2E-C572-4BCE-AC29-1329A7C57783}.Release|Any CPU.ActiveCfg = Release|Any CPU
		{A40AEE2E-C572-4BCE-AC29-1329A7C57783}.Release|Any CPU.Build.0 = Release|Any CPU
		{A40AEE2E-C572-4BCE-AC29-1329A7C57783}.Release|x64.ActiveCfg = Release|Any CPU
		{A40AEE2E-C572-4BCE-AC29-1329A7C57783}.Release|x64.Build.0 = Release|Any CPU
		{D8B6EC1B-3E3E-4F03-B122-5D480F284E1D}.Debug|Any CPU.ActiveCfg = Debug|Any CPU
		{D8B6EC1B-3E3E-4F03-B122-5D480F284E1D}.Debug|Any CPU.Build.0 = Debug|Any CPU
		{D8B6EC1B-3E3E-4F03-B122-5D480F284E1D}.Debug|x64.ActiveCfg = Debug|Any CPU
		{D8B6EC1B-3E3E-4F03-B122-5D480F284E1D}.Debug|x64.Build.0 = Debug|Any CPU
		{D8B6EC1B-3E3E-4F03-B122-5D480F284E1D}.Release|Any CPU.ActiveCfg = Release|Any CPU
		{D8B6EC1B-3E3E-4F03-B122-5D480F284E1D}.Release|Any CPU.Build.0 = Release|Any CPU
		{D8B6EC1B-3E3E-4F03-B122-5D480F284E1D}.Release|x64.ActiveCfg = Release|Any CPU
		{D8B6EC1B-3E3E-4F03-B122-5D480F284E1D}.Release|x64.Build.0 = Release|Any CPU
		{092873E4-2808-4A0C-B36F-F7A6DC436509}.Debug|Any CPU.ActiveCfg = Debug|Any CPU
		{092873E4-2808-4A0C-B36F-F7A6DC436509}.Debug|Any CPU.Build.0 = Debug|Any CPU
		{092873E4-2808-4A0C-B36F-F7A6DC436509}.Debug|x64.ActiveCfg = Debug|Any CPU
		{092873E4-2808-4A0C-B36F-F7A6DC436509}.Debug|x64.Build.0 = Debug|Any CPU
		{092873E4-2808-4A0C-B36F-F7A6DC436509}.Release|Any CPU.ActiveCfg = Release|Any CPU
		{092873E4-2808-4A0C-B36F-F7A6DC436509}.Release|Any CPU.Build.0 = Release|Any CPU
		{092873E4-2808-4A0C-B36F-F7A6DC436509}.Release|x64.ActiveCfg = Release|Any CPU
		{092873E4-2808-4A0C-B36F-F7A6DC436509}.Release|x64.Build.0 = Release|Any CPU
	EndGlobalSection
	GlobalSection(SolutionProperties) = preSolution
		HideSolutionNode = FALSE
	EndGlobalSection
	GlobalSection(ExtensibilityGlobals) = postSolution
		SolutionGuid = {2EC30317-778B-4FA4-959A-56DD1A29B663}
	EndGlobalSection
	GlobalSection(Performance) = preSolution
		HasPerformanceSessions = true
	EndGlobalSection
	GlobalSection(Performance) = preSolution
		HasPerformanceSessions = true
	EndGlobalSection
	GlobalSection(Performance) = preSolution
		HasPerformanceSessions = true
	EndGlobalSection
	GlobalSection(Performance) = preSolution
		HasPerformanceSessions = true
	EndGlobalSection
EndGlobal
