
Microsoft Visual Studio Solution File, Format Version 12.00
# Visual Studio 15
VisualStudioVersion = 15.0.26730.12
MinimumVisualStudioVersion = 10.0.40219.1
Project("{FAE04EC0-301F-11D3-BF4B-00C04F79EFBC}") = "Shard", "Shard\Shard.csproj", "{EB6D3052-6609-4916-B364-AA263217FDAF}"
EndProject
Project("{FAE04EC0-301F-11D3-BF4B-00C04F79EFBC}") = "VectorMath", "Math\VectorMath.csproj", "{8B82845E-874B-4B7C-9EA6-85C968B73986}"
EndProject
Project("{FAE04EC0-301F-11D3-BF4B-00C04F79EFBC}") = "ShardTests1", "ShardTests1\ShardTests1.csproj", "{C16B5786-0D4D-4E50-AD1D-1A19C35E6C42}"
EndProject
Global
	GlobalSection(SolutionConfigurationPlatforms) = preSolution
		Debug|Any CPU = Debug|Any CPU
		Release|Any CPU = Release|Any CPU
	EndGlobalSection
	GlobalSection(ProjectConfigurationPlatforms) = postSolution
		{EB6D3052-6609-4916-B364-AA263217FDAF}.Debug|Any CPU.ActiveCfg = Debug|Any CPU
		{EB6D3052-6609-4916-B364-AA263217FDAF}.Debug|Any CPU.Build.0 = Debug|Any CPU
		{EB6D3052-6609-4916-B364-AA263217FDAF}.Release|Any CPU.ActiveCfg = Release|Any CPU
		{EB6D3052-6609-4916-B364-AA263217FDAF}.Release|Any CPU.Build.0 = Release|Any CPU
		{8B82845E-874B-4B7C-9EA6-85C968B73986}.Debug|Any CPU.ActiveCfg = Debug|Any CPU
		{8B82845E-874B-4B7C-9EA6-85C968B73986}.Debug|Any CPU.Build.0 = Debug|Any CPU
		{8B82845E-874B-4B7C-9EA6-85C968B73986}.Release|Any CPU.ActiveCfg = Release|Any CPU
		{8B82845E-874B-4B7C-9EA6-85C968B73986}.Release|Any CPU.Build.0 = Release|Any CPU
		{C16B5786-0D4D-4E50-AD1D-1A19C35E6C42}.Debug|Any CPU.ActiveCfg = Debug|Any CPU
		{C16B5786-0D4D-4E50-AD1D-1A19C35E6C42}.Debug|Any CPU.Build.0 = Debug|Any CPU
		{C16B5786-0D4D-4E50-AD1D-1A19C35E6C42}.Release|Any CPU.ActiveCfg = Release|Any CPU
		{C16B5786-0D4D-4E50-AD1D-1A19C35E6C42}.Release|Any CPU.Build.0 = Release|Any CPU
	EndGlobalSection
	GlobalSection(SolutionProperties) = preSolution
		HideSolutionNode = FALSE
	EndGlobalSection
	GlobalSection(ExtensibilityGlobals) = postSolution
		SolutionGuid = {2EC30317-778B-4FA4-959A-56DD1A29B663}
	EndGlobalSection
EndGlobal
