
Microsoft Visual Studio Solution File, Format Version 12.00
# Visual Studio 15
VisualStudioVersion = 15.0.28010.2046
MinimumVisualStudioVersion = 10.0.40219.1
Project("{FAE04EC0-301F-11D3-BF4B-00C04F79EFBC}") = "Witness", "Witness.csproj", "{88B77246-DE64-491F-9CA7-C05C28B7EE37}"
EndProject
Project("{FAE04EC0-301F-11D3-BF4B-00C04F79EFBC}") = "ConsensusAccess", "..\ConsensusMember\ConsensusAccess.csproj", "{D8B6EC1B-3E3E-4F03-B122-5D480F284E1D}"
EndProject
Project("{FAE04EC0-301F-11D3-BF4B-00C04F79EFBC}") = "ShardBase", "..\ShardBase\ShardBase.csproj", "{8247AE53-9109-4D16-AAEF-74B27F63DF39}"
EndProject
Project("{FAE04EC0-301F-11D3-BF4B-00C04F79EFBC}") = "Consensus", "..\Consensus\Consensus.csproj", "{8100A8FC-5447-4381-9963-5E614E329EEF}"
EndProject
Global
	GlobalSection(SolutionConfigurationPlatforms) = preSolution
		Debug|Any CPU = Debug|Any CPU
		Release|Any CPU = Release|Any CPU
	EndGlobalSection
	GlobalSection(ProjectConfigurationPlatforms) = postSolution
		{88B77246-DE64-491F-9CA7-C05C28B7EE37}.Debug|Any CPU.ActiveCfg = Debug|Any CPU
		{88B77246-DE64-491F-9CA7-C05C28B7EE37}.Debug|Any CPU.Build.0 = Debug|Any CPU
		{88B77246-DE64-491F-9CA7-C05C28B7EE37}.Release|Any CPU.ActiveCfg = Release|Any CPU
		{88B77246-DE64-491F-9CA7-C05C28B7EE37}.Release|Any CPU.Build.0 = Release|Any CPU
		{D8B6EC1B-3E3E-4F03-B122-5D480F284E1D}.Debug|Any CPU.ActiveCfg = Debug|Any CPU
		{D8B6EC1B-3E3E-4F03-B122-5D480F284E1D}.Debug|Any CPU.Build.0 = Debug|Any CPU
		{D8B6EC1B-3E3E-4F03-B122-5D480F284E1D}.Release|Any CPU.ActiveCfg = Release|Any CPU
		{D8B6EC1B-3E3E-4F03-B122-5D480F284E1D}.Release|Any CPU.Build.0 = Release|Any CPU
		{8247AE53-9109-4D16-AAEF-74B27F63DF39}.Debug|Any CPU.ActiveCfg = Debug|Any CPU
		{8247AE53-9109-4D16-AAEF-74B27F63DF39}.Debug|Any CPU.Build.0 = Debug|Any CPU
		{8247AE53-9109-4D16-AAEF-74B27F63DF39}.Release|Any CPU.ActiveCfg = Release|Any CPU
		{8247AE53-9109-4D16-AAEF-74B27F63DF39}.Release|Any CPU.Build.0 = Release|Any CPU
		{8100A8FC-5447-4381-9963-5E614E329EEF}.Debug|Any CPU.ActiveCfg = Debug|Any CPU
		{8100A8FC-5447-4381-9963-5E614E329EEF}.Debug|Any CPU.Build.0 = Debug|Any CPU
		{8100A8FC-5447-4381-9963-5E614E329EEF}.Release|Any CPU.ActiveCfg = Release|Any CPU
		{8100A8FC-5447-4381-9963-5E614E329EEF}.Release|Any CPU.Build.0 = Release|Any CPU
	EndGlobalSection
	GlobalSection(SolutionProperties) = preSolution
		HideSolutionNode = FALSE
	EndGlobalSection
	GlobalSection(ExtensibilityGlobals) = postSolution
		SolutionGuid = {EF545257-BF77-44DD-90FC-822ADC7C228D}
	EndGlobalSection
EndGlobal
