
Microsoft Visual Studio Solution File, Format Version 12.00
# Visual Studio 15
VisualStudioVersion = 15.0.27130.2026
MinimumVisualStudioVersion = 10.0.40219.1
Project("{FAE04EC0-301F-11D3-BF4B-00C04F79EFBC}") = "UnityShardViewer", "UnityShardViewer.csproj", "{A68A68D0-CF8D-41CC-95C4-DA29F38FF768}"
EndProject
Global
	GlobalSection(SolutionConfigurationPlatforms) = preSolution
		Debug|Any CPU = Debug|Any CPU
		Release|Any CPU = Release|Any CPU
	EndGlobalSection
	GlobalSection(ProjectConfigurationPlatforms) = postSolution
		{A68A68D0-CF8D-41CC-95C4-DA29F38FF768}.Debug|Any CPU.ActiveCfg = Debug|Any CPU
		{A68A68D0-CF8D-41CC-95C4-DA29F38FF768}.Debug|Any CPU.Build.0 = Debug|Any CPU
		{A68A68D0-CF8D-41CC-95C4-DA29F38FF768}.Release|Any CPU.ActiveCfg = Release|Any CPU
		{A68A68D0-CF8D-41CC-95C4-DA29F38FF768}.Release|Any CPU.Build.0 = Release|Any CPU
	EndGlobalSection
	GlobalSection(SolutionProperties) = preSolution
		HideSolutionNode = FALSE
	EndGlobalSection
	GlobalSection(ExtensibilityGlobals) = postSolution
		SolutionGuid = {29280C0B-A123-4EF1-B008-601364C3BC7D}
	EndGlobalSection
EndGlobal
