
Microsoft Visual Studio Solution File, Format Version 12.00
# Visual Studio 15
VisualStudioVersion = 15.0.28010.2048
MinimumVisualStudioVersion = 10.0.40219.1
Project("{FAE04EC0-301F-11D3-BF4B-00C04F79EFBC}") = "AddressLookup", "AddressLookup.csproj", "{9F3B5A28-4649-481B-A6D9-A912AF0AB391}"
EndProject
Project("{FAE04EC0-301F-11D3-BF4B-00C04F79EFBC}") = "BaseDB", "..\BaseDB\BaseDB.csproj", "{174A5B17-C113-45BD-85B6-009A1C5C3EF8}"
EndProject
Project("{FAE04EC0-301F-11D3-BF4B-00C04F79EFBC}") = "Base", "..\Base\Base.csproj", "{A40AEE2E-C572-4BCE-AC29-1329A7C57783}"
EndProject
Global
	GlobalSection(SolutionConfigurationPlatforms) = preSolution
		Debug|Any CPU = Debug|Any CPU
		Release|Any CPU = Release|Any CPU
	EndGlobalSection
	GlobalSection(ProjectConfigurationPlatforms) = postSolution
		{9F3B5A28-4649-481B-A6D9-A912AF0AB391}.Debug|Any CPU.ActiveCfg = Debug|Any CPU
		{9F3B5A28-4649-481B-A6D9-A912AF0AB391}.Debug|Any CPU.Build.0 = Debug|Any CPU
		{9F3B5A28-4649-481B-A6D9-A912AF0AB391}.Release|Any CPU.ActiveCfg = Release|Any CPU
		{9F3B5A28-4649-481B-A6D9-A912AF0AB391}.Release|Any CPU.Build.0 = Release|Any CPU
		{174A5B17-C113-45BD-85B6-009A1C5C3EF8}.Debug|Any CPU.ActiveCfg = Debug|Any CPU
		{174A5B17-C113-45BD-85B6-009A1C5C3EF8}.Debug|Any CPU.Build.0 = Debug|Any CPU
		{174A5B17-C113-45BD-85B6-009A1C5C3EF8}.Release|Any CPU.ActiveCfg = Release|Any CPU
		{174A5B17-C113-45BD-85B6-009A1C5C3EF8}.Release|Any CPU.Build.0 = Release|Any CPU
		{A40AEE2E-C572-4BCE-AC29-1329A7C57783}.Debug|Any CPU.ActiveCfg = Debug|Any CPU
		{A40AEE2E-C572-4BCE-AC29-1329A7C57783}.Debug|Any CPU.Build.0 = Debug|Any CPU
		{A40AEE2E-C572-4BCE-AC29-1329A7C57783}.Release|Any CPU.ActiveCfg = Release|Any CPU
		{A40AEE2E-C572-4BCE-AC29-1329A7C57783}.Release|Any CPU.Build.0 = Release|Any CPU
	EndGlobalSection
	GlobalSection(SolutionProperties) = preSolution
		HideSolutionNode = FALSE
	EndGlobalSection
	GlobalSection(ExtensibilityGlobals) = postSolution
		SolutionGuid = {2DCA36DE-453F-48A1-A3CC-14E38774DEF2}
	EndGlobalSection
EndGlobal
